
Microsoft Visual Studio Solution File, Format Version 12.00
# Visual Studio Version 17
VisualStudioVersion = 17.10.34707.107
MinimumVisualStudioVersion = 10.0.40219.1
Project("{F2A71F9B-5D33-465A-A702-920D77279786}") = "APIGateway", "APIGateway\APIGateway.fsproj", "{F27F6EB7-EC25-4AD8-8208-62C261984755}"
EndProject
Global
	GlobalSection(SolutionConfigurationPlatforms) = preSolution
		Debug|Any CPU = Debug|Any CPU
		Release|Any CPU = Release|Any CPU
	EndGlobalSection
	GlobalSection(ProjectConfigurationPlatforms) = postSolution
		{F27F6EB7-EC25-4AD8-8208-62C261984755}.Debug|Any CPU.ActiveCfg = Debug|Any CPU
		{F27F6EB7-EC25-4AD8-8208-62C261984755}.Debug|Any CPU.Build.0 = Debug|Any CPU
		{F27F6EB7-EC25-4AD8-8208-62C261984755}.Release|Any CPU.ActiveCfg = Release|Any CPU
		{F27F6EB7-EC25-4AD8-8208-62C261984755}.Release|Any CPU.Build.0 = Release|Any CPU
	EndGlobalSection
	GlobalSection(SolutionProperties) = preSolution
		HideSolutionNode = FALSE
	EndGlobalSection
	GlobalSection(ExtensibilityGlobals) = postSolution
		SolutionGuid = {6120F775-BEF6-4B11-92FE-A1723BF4EABC}
	EndGlobalSection
EndGlobal
