
Microsoft Visual Studio Solution File, Format Version 12.00
# Visual Studio Version 17
VisualStudioVersion = 17.10.34707.107
MinimumVisualStudioVersion = 10.0.40219.1
Project("{9092AA53-FB77-4645-B42D-1CCCA6BD08BD}") = "BudgetService", "BudgetService\BudgetService.njsproj", "{F58FC3AC-797A-48A0-912D-1A0205447599}"
EndProject
Global
	GlobalSection(SolutionConfigurationPlatforms) = preSolution
		Debug|Any CPU = Debug|Any CPU
		Release|Any CPU = Release|Any CPU
	EndGlobalSection
	GlobalSection(ProjectConfigurationPlatforms) = postSolution
		{F58FC3AC-797A-48A0-912D-1A0205447599}.Debug|Any CPU.ActiveCfg = Debug|Any CPU
		{F58FC3AC-797A-48A0-912D-1A0205447599}.Debug|Any CPU.Build.0 = Debug|Any CPU
		{F58FC3AC-797A-48A0-912D-1A0205447599}.Release|Any CPU.ActiveCfg = Release|Any CPU
		{F58FC3AC-797A-48A0-912D-1A0205447599}.Release|Any CPU.Build.0 = Release|Any CPU
	EndGlobalSection
	GlobalSection(SolutionProperties) = preSolution
		HideSolutionNode = FALSE
	EndGlobalSection
	GlobalSection(ExtensibilityGlobals) = postSolution
		SolutionGuid = {B1C7ABEA-3F54-4D52-A07F-214A713F91E6}
	EndGlobalSection
EndGlobal
