
Microsoft Visual Studio Solution File, Format Version 12.00
# Visual Studio Version 17
VisualStudioVersion = 17.10.34707.107
MinimumVisualStudioVersion = 10.0.40219.1
Project("{FAE04EC0-301F-11D3-BF4B-00C04F79EFBC}") = "TransactionService", "TransactionService\TransactionService.csproj", "{79BB985C-BDDA-4FDA-9771-EACB29409E24}"
EndProject
Global
	GlobalSection(SolutionConfigurationPlatforms) = preSolution
		Debug|Any CPU = Debug|Any CPU
		Release|Any CPU = Release|Any CPU
	EndGlobalSection
	GlobalSection(ProjectConfigurationPlatforms) = postSolution
		{79BB985C-BDDA-4FDA-9771-EACB29409E24}.Debug|Any CPU.ActiveCfg = Debug|Any CPU
		{79BB985C-BDDA-4FDA-9771-EACB29409E24}.Debug|Any CPU.Build.0 = Debug|Any CPU
		{79BB985C-BDDA-4FDA-9771-EACB29409E24}.Release|Any CPU.ActiveCfg = Release|Any CPU
		{79BB985C-BDDA-4FDA-9771-EACB29409E24}.Release|Any CPU.Build.0 = Release|Any CPU
	EndGlobalSection
	GlobalSection(SolutionProperties) = preSolution
		HideSolutionNode = FALSE
	EndGlobalSection
	GlobalSection(ExtensibilityGlobals) = postSolution
		SolutionGuid = {0731A216-50F9-46DE-B8DF-4C7C00BA6145}
	EndGlobalSection
EndGlobal
